
Microsoft Visual Studio Solution File, Format Version 12.00
# Visual Studio Version 17
VisualStudioVersion = 17.1.32407.343
MinimumVisualStudioVersion = 10.0.40219.1
Project("{FAE04EC0-301F-11D3-BF4B-00C04F79EFBC}") = "Training_Day2", "Training_Day2\Training_Day2.csproj", "{D0FCECED-D1D8-4981-A331-C1425C8C49EE}"
EndProject
Global
	GlobalSection(SolutionConfigurationPlatforms) = preSolution
		Debug|Any CPU = Debug|Any CPU
		Release|Any CPU = Release|Any CPU
	EndGlobalSection
	GlobalSection(ProjectConfigurationPlatforms) = postSolution
		{D0FCECED-D1D8-4981-A331-C1425C8C49EE}.Debug|Any CPU.ActiveCfg = Debug|Any CPU
		{D0FCECED-D1D8-4981-A331-C1425C8C49EE}.Debug|Any CPU.Build.0 = Debug|Any CPU
		{D0FCECED-D1D8-4981-A331-C1425C8C49EE}.Release|Any CPU.ActiveCfg = Release|Any CPU
		{D0FCECED-D1D8-4981-A331-C1425C8C49EE}.Release|Any CPU.Build.0 = Release|Any CPU
	EndGlobalSection
	GlobalSection(SolutionProperties) = preSolution
		HideSolutionNode = FALSE
	EndGlobalSection
	GlobalSection(ExtensibilityGlobals) = postSolution
		SolutionGuid = {A4F1E95E-D840-424A-83EA-40320B642670}
	EndGlobalSection
EndGlobal
