
Microsoft Visual Studio Solution File, Format Version 12.00
# Visual Studio Version 17
VisualStudioVersion = 17.1.32407.343
MinimumVisualStudioVersion = 10.0.40219.1
Project("{FAE04EC0-301F-11D3-BF4B-00C04F79EFBC}") = "Day8", "Day8\Day8.csproj", "{6463DD46-702C-4E7E-B3C5-1A855914EA0B}"
EndProject
Global
	GlobalSection(SolutionConfigurationPlatforms) = preSolution
		Debug|Any CPU = Debug|Any CPU
		Release|Any CPU = Release|Any CPU
	EndGlobalSection
	GlobalSection(ProjectConfigurationPlatforms) = postSolution
		{6463DD46-702C-4E7E-B3C5-1A855914EA0B}.Debug|Any CPU.ActiveCfg = Debug|Any CPU
		{6463DD46-702C-4E7E-B3C5-1A855914EA0B}.Debug|Any CPU.Build.0 = Debug|Any CPU
		{6463DD46-702C-4E7E-B3C5-1A855914EA0B}.Release|Any CPU.ActiveCfg = Release|Any CPU
		{6463DD46-702C-4E7E-B3C5-1A855914EA0B}.Release|Any CPU.Build.0 = Release|Any CPU
	EndGlobalSection
	GlobalSection(SolutionProperties) = preSolution
		HideSolutionNode = FALSE
	EndGlobalSection
	GlobalSection(ExtensibilityGlobals) = postSolution
		SolutionGuid = {EF310F8A-E0EC-49DA-8402-3F83138E9028}
	EndGlobalSection
EndGlobal
